
Microsoft Visual Studio Solution File, Format Version 12.00
# Visual Studio 15
VisualStudioVersion = 15.0.28307.1145
MinimumVisualStudioVersion = 10.0.40219.1
Project("{8BC9CEB8-8B4A-11D0-8D11-00A0C91BC942}") = "FindContinuousSequence", "FindContinuousSequence\FindContinuousSequence.vcxproj", "{D12D5F13-5CB3-40D2-80BA-29C74CC3CEE4}"
EndProject
Global
	GlobalSection(SolutionConfigurationPlatforms) = preSolution
		Debug|x64 = Debug|x64
		Debug|x86 = Debug|x86
		Release|x64 = Release|x64
		Release|x86 = Release|x86
	EndGlobalSection
	GlobalSection(ProjectConfigurationPlatforms) = postSolution
		{D12D5F13-5CB3-40D2-80BA-29C74CC3CEE4}.Debug|x64.ActiveCfg = Debug|x64
		{D12D5F13-5CB3-40D2-80BA-29C74CC3CEE4}.Debug|x64.Build.0 = Debug|x64
		{D12D5F13-5CB3-40D2-80BA-29C74CC3CEE4}.Debug|x86.ActiveCfg = Debug|Win32
		{D12D5F13-5CB3-40D2-80BA-29C74CC3CEE4}.Debug|x86.Build.0 = Debug|Win32
		{D12D5F13-5CB3-40D2-80BA-29C74CC3CEE4}.Release|x64.ActiveCfg = Release|x64
		{D12D5F13-5CB3-40D2-80BA-29C74CC3CEE4}.Release|x64.Build.0 = Release|x64
		{D12D5F13-5CB3-40D2-80BA-29C74CC3CEE4}.Release|x86.ActiveCfg = Release|Win32
		{D12D5F13-5CB3-40D2-80BA-29C74CC3CEE4}.Release|x86.Build.0 = Release|Win32
	EndGlobalSection
	GlobalSection(SolutionProperties) = preSolution
		HideSolutionNode = FALSE
	EndGlobalSection
	GlobalSection(ExtensibilityGlobals) = postSolution
		SolutionGuid = {826C0615-340E-4ED4-985A-6ECBBF794AAD}
	EndGlobalSection
EndGlobal
