
Microsoft Visual Studio Solution File, Format Version 12.00
# Visual Studio 15
VisualStudioVersion = 15.0.28307.1145
MinimumVisualStudioVersion = 10.0.40219.1
Project("{8BC9CEB8-8B4A-11D0-8D11-00A0C91BC942}") = "topKFrequent", "topKFrequent\topKFrequent.vcxproj", "{FEE1D8D9-6EC9-4017-8D63-3485DDF7FDE1}"
EndProject
Global
	GlobalSection(SolutionConfigurationPlatforms) = preSolution
		Debug|x64 = Debug|x64
		Debug|x86 = Debug|x86
		Release|x64 = Release|x64
		Release|x86 = Release|x86
	EndGlobalSection
	GlobalSection(ProjectConfigurationPlatforms) = postSolution
		{FEE1D8D9-6EC9-4017-8D63-3485DDF7FDE1}.Debug|x64.ActiveCfg = Debug|x64
		{FEE1D8D9-6EC9-4017-8D63-3485DDF7FDE1}.Debug|x64.Build.0 = Debug|x64
		{FEE1D8D9-6EC9-4017-8D63-3485DDF7FDE1}.Debug|x86.ActiveCfg = Debug|Win32
		{FEE1D8D9-6EC9-4017-8D63-3485DDF7FDE1}.Debug|x86.Build.0 = Debug|Win32
		{FEE1D8D9-6EC9-4017-8D63-3485DDF7FDE1}.Release|x64.ActiveCfg = Release|x64
		{FEE1D8D9-6EC9-4017-8D63-3485DDF7FDE1}.Release|x64.Build.0 = Release|x64
		{FEE1D8D9-6EC9-4017-8D63-3485DDF7FDE1}.Release|x86.ActiveCfg = Release|Win32
		{FEE1D8D9-6EC9-4017-8D63-3485DDF7FDE1}.Release|x86.Build.0 = Release|Win32
	EndGlobalSection
	GlobalSection(SolutionProperties) = preSolution
		HideSolutionNode = FALSE
	EndGlobalSection
	GlobalSection(ExtensibilityGlobals) = postSolution
		SolutionGuid = {5D6D1404-6171-4F99-96F1-99B7AE958094}
	EndGlobalSection
EndGlobal
