
Microsoft Visual Studio Solution File, Format Version 12.00
# Visual Studio 15
VisualStudioVersion = 15.0.28307.1145
MinimumVisualStudioVersion = 10.0.40219.1
Project("{8BC9CEB8-8B4A-11D0-8D11-00A0C91BC942}") = "numIslands", "numIslands\numIslands.vcxproj", "{DD9857CB-5906-4B50-935D-716895391469}"
EndProject
Global
	GlobalSection(SolutionConfigurationPlatforms) = preSolution
		Debug|x64 = Debug|x64
		Debug|x86 = Debug|x86
		Release|x64 = Release|x64
		Release|x86 = Release|x86
	EndGlobalSection
	GlobalSection(ProjectConfigurationPlatforms) = postSolution
		{DD9857CB-5906-4B50-935D-716895391469}.Debug|x64.ActiveCfg = Debug|x64
		{DD9857CB-5906-4B50-935D-716895391469}.Debug|x64.Build.0 = Debug|x64
		{DD9857CB-5906-4B50-935D-716895391469}.Debug|x86.ActiveCfg = Debug|Win32
		{DD9857CB-5906-4B50-935D-716895391469}.Debug|x86.Build.0 = Debug|Win32
		{DD9857CB-5906-4B50-935D-716895391469}.Release|x64.ActiveCfg = Release|x64
		{DD9857CB-5906-4B50-935D-716895391469}.Release|x64.Build.0 = Release|x64
		{DD9857CB-5906-4B50-935D-716895391469}.Release|x86.ActiveCfg = Release|Win32
		{DD9857CB-5906-4B50-935D-716895391469}.Release|x86.Build.0 = Release|Win32
	EndGlobalSection
	GlobalSection(SolutionProperties) = preSolution
		HideSolutionNode = FALSE
	EndGlobalSection
	GlobalSection(ExtensibilityGlobals) = postSolution
		SolutionGuid = {E11FB4C4-A9C5-46D9-852E-44D4428AB6E5}
	EndGlobalSection
EndGlobal
