
Microsoft Visual Studio Solution File, Format Version 12.00
# Visual Studio 15
VisualStudioVersion = 15.0.28307.1145
MinimumVisualStudioVersion = 10.0.40219.1
Project("{8BC9CEB8-8B4A-11D0-8D11-00A0C91BC942}") = "isIsomorphic", "isIsomorphic\isIsomorphic.vcxproj", "{166E0C88-5E61-4343-86B7-20716DA5B3E3}"
EndProject
Global
	GlobalSection(SolutionConfigurationPlatforms) = preSolution
		Debug|x64 = Debug|x64
		Debug|x86 = Debug|x86
		Release|x64 = Release|x64
		Release|x86 = Release|x86
	EndGlobalSection
	GlobalSection(ProjectConfigurationPlatforms) = postSolution
		{166E0C88-5E61-4343-86B7-20716DA5B3E3}.Debug|x64.ActiveCfg = Debug|x64
		{166E0C88-5E61-4343-86B7-20716DA5B3E3}.Debug|x64.Build.0 = Debug|x64
		{166E0C88-5E61-4343-86B7-20716DA5B3E3}.Debug|x86.ActiveCfg = Debug|Win32
		{166E0C88-5E61-4343-86B7-20716DA5B3E3}.Debug|x86.Build.0 = Debug|Win32
		{166E0C88-5E61-4343-86B7-20716DA5B3E3}.Release|x64.ActiveCfg = Release|x64
		{166E0C88-5E61-4343-86B7-20716DA5B3E3}.Release|x64.Build.0 = Release|x64
		{166E0C88-5E61-4343-86B7-20716DA5B3E3}.Release|x86.ActiveCfg = Release|Win32
		{166E0C88-5E61-4343-86B7-20716DA5B3E3}.Release|x86.Build.0 = Release|Win32
	EndGlobalSection
	GlobalSection(SolutionProperties) = preSolution
		HideSolutionNode = FALSE
	EndGlobalSection
	GlobalSection(ExtensibilityGlobals) = postSolution
		SolutionGuid = {9A2C0A4D-52DD-40D4-9E9F-FFF3AB3ED7C3}
	EndGlobalSection
EndGlobal
