
Microsoft Visual Studio Solution File, Format Version 12.00
# Visual Studio 15
VisualStudioVersion = 15.0.28307.1145
MinimumVisualStudioVersion = 10.0.40219.1
Project("{8BC9CEB8-8B4A-11D0-8D11-00A0C91BC942}") = "threadpool", "threadpool\threadpool.vcxproj", "{AB900BE3-8C6E-4A64-9E8E-D4E1C09FCB1B}"
EndProject
Global
	GlobalSection(SolutionConfigurationPlatforms) = preSolution
		Debug|x64 = Debug|x64
		Debug|x86 = Debug|x86
		Release|x64 = Release|x64
		Release|x86 = Release|x86
	EndGlobalSection
	GlobalSection(ProjectConfigurationPlatforms) = postSolution
		{AB900BE3-8C6E-4A64-9E8E-D4E1C09FCB1B}.Debug|x64.ActiveCfg = Debug|x64
		{AB900BE3-8C6E-4A64-9E8E-D4E1C09FCB1B}.Debug|x64.Build.0 = Debug|x64
		{AB900BE3-8C6E-4A64-9E8E-D4E1C09FCB1B}.Debug|x86.ActiveCfg = Debug|Win32
		{AB900BE3-8C6E-4A64-9E8E-D4E1C09FCB1B}.Debug|x86.Build.0 = Debug|Win32
		{AB900BE3-8C6E-4A64-9E8E-D4E1C09FCB1B}.Release|x64.ActiveCfg = Release|x64
		{AB900BE3-8C6E-4A64-9E8E-D4E1C09FCB1B}.Release|x64.Build.0 = Release|x64
		{AB900BE3-8C6E-4A64-9E8E-D4E1C09FCB1B}.Release|x86.ActiveCfg = Release|Win32
		{AB900BE3-8C6E-4A64-9E8E-D4E1C09FCB1B}.Release|x86.Build.0 = Release|Win32
	EndGlobalSection
	GlobalSection(SolutionProperties) = preSolution
		HideSolutionNode = FALSE
	EndGlobalSection
	GlobalSection(ExtensibilityGlobals) = postSolution
		SolutionGuid = {39C7C698-DCE3-44C3-88CA-15E56DF4521A}
	EndGlobalSection
EndGlobal
