
Microsoft Visual Studio Solution File, Format Version 12.00
# Visual Studio 15
VisualStudioVersion = 15.0.28307.1145
MinimumVisualStudioVersion = 10.0.40219.1
Project("{8BC9CEB8-8B4A-11D0-8D11-00A0C91BC942}") = "groupAnagrams", "groupAnagrams\groupAnagrams.vcxproj", "{554651C9-75B6-4736-9786-1A2C4DD0055B}"
EndProject
Global
	GlobalSection(SolutionConfigurationPlatforms) = preSolution
		Debug|x64 = Debug|x64
		Debug|x86 = Debug|x86
		Release|x64 = Release|x64
		Release|x86 = Release|x86
	EndGlobalSection
	GlobalSection(ProjectConfigurationPlatforms) = postSolution
		{554651C9-75B6-4736-9786-1A2C4DD0055B}.Debug|x64.ActiveCfg = Debug|x64
		{554651C9-75B6-4736-9786-1A2C4DD0055B}.Debug|x64.Build.0 = Debug|x64
		{554651C9-75B6-4736-9786-1A2C4DD0055B}.Debug|x86.ActiveCfg = Debug|Win32
		{554651C9-75B6-4736-9786-1A2C4DD0055B}.Debug|x86.Build.0 = Debug|Win32
		{554651C9-75B6-4736-9786-1A2C4DD0055B}.Release|x64.ActiveCfg = Release|x64
		{554651C9-75B6-4736-9786-1A2C4DD0055B}.Release|x64.Build.0 = Release|x64
		{554651C9-75B6-4736-9786-1A2C4DD0055B}.Release|x86.ActiveCfg = Release|Win32
		{554651C9-75B6-4736-9786-1A2C4DD0055B}.Release|x86.Build.0 = Release|Win32
	EndGlobalSection
	GlobalSection(SolutionProperties) = preSolution
		HideSolutionNode = FALSE
	EndGlobalSection
	GlobalSection(ExtensibilityGlobals) = postSolution
		SolutionGuid = {F2FD9627-4994-4E49-9F69-208ACD4CF33D}
	EndGlobalSection
EndGlobal
