
Microsoft Visual Studio Solution File, Format Version 12.00
# Visual Studio 15
VisualStudioVersion = 15.0.28307.1145
MinimumVisualStudioVersion = 10.0.40219.1
Project("{8BC9CEB8-8B4A-11D0-8D11-00A0C91BC942}") = "ladderLength", "ladderLength\ladderLength.vcxproj", "{F471C307-BB83-4ED8-84AF-1FCAFF2A167D}"
EndProject
Global
	GlobalSection(SolutionConfigurationPlatforms) = preSolution
		Debug|x64 = Debug|x64
		Debug|x86 = Debug|x86
		Release|x64 = Release|x64
		Release|x86 = Release|x86
	EndGlobalSection
	GlobalSection(ProjectConfigurationPlatforms) = postSolution
		{F471C307-BB83-4ED8-84AF-1FCAFF2A167D}.Debug|x64.ActiveCfg = Debug|x64
		{F471C307-BB83-4ED8-84AF-1FCAFF2A167D}.Debug|x64.Build.0 = Debug|x64
		{F471C307-BB83-4ED8-84AF-1FCAFF2A167D}.Debug|x86.ActiveCfg = Debug|Win32
		{F471C307-BB83-4ED8-84AF-1FCAFF2A167D}.Debug|x86.Build.0 = Debug|Win32
		{F471C307-BB83-4ED8-84AF-1FCAFF2A167D}.Release|x64.ActiveCfg = Release|x64
		{F471C307-BB83-4ED8-84AF-1FCAFF2A167D}.Release|x64.Build.0 = Release|x64
		{F471C307-BB83-4ED8-84AF-1FCAFF2A167D}.Release|x86.ActiveCfg = Release|Win32
		{F471C307-BB83-4ED8-84AF-1FCAFF2A167D}.Release|x86.Build.0 = Release|Win32
	EndGlobalSection
	GlobalSection(SolutionProperties) = preSolution
		HideSolutionNode = FALSE
	EndGlobalSection
	GlobalSection(ExtensibilityGlobals) = postSolution
		SolutionGuid = {632D64CE-8B1C-461A-92A4-221FB32487F4}
	EndGlobalSection
EndGlobal
