
Microsoft Visual Studio Solution File, Format Version 12.00
# Visual Studio 15
VisualStudioVersion = 15.0.28307.1145
MinimumVisualStudioVersion = 10.0.40219.1
Project("{8BC9CEB8-8B4A-11D0-8D11-00A0C91BC942}") = "SmartPtr", "SmartPtr\SmartPtr.vcxproj", "{3F035158-B542-43D9-B02E-4BD4D3F513C6}"
EndProject
Global
	GlobalSection(SolutionConfigurationPlatforms) = preSolution
		Debug|x64 = Debug|x64
		Debug|x86 = Debug|x86
		Release|x64 = Release|x64
		Release|x86 = Release|x86
	EndGlobalSection
	GlobalSection(ProjectConfigurationPlatforms) = postSolution
		{3F035158-B542-43D9-B02E-4BD4D3F513C6}.Debug|x64.ActiveCfg = Debug|x64
		{3F035158-B542-43D9-B02E-4BD4D3F513C6}.Debug|x64.Build.0 = Debug|x64
		{3F035158-B542-43D9-B02E-4BD4D3F513C6}.Debug|x86.ActiveCfg = Debug|Win32
		{3F035158-B542-43D9-B02E-4BD4D3F513C6}.Debug|x86.Build.0 = Debug|Win32
		{3F035158-B542-43D9-B02E-4BD4D3F513C6}.Release|x64.ActiveCfg = Release|x64
		{3F035158-B542-43D9-B02E-4BD4D3F513C6}.Release|x64.Build.0 = Release|x64
		{3F035158-B542-43D9-B02E-4BD4D3F513C6}.Release|x86.ActiveCfg = Release|Win32
		{3F035158-B542-43D9-B02E-4BD4D3F513C6}.Release|x86.Build.0 = Release|Win32
	EndGlobalSection
	GlobalSection(SolutionProperties) = preSolution
		HideSolutionNode = FALSE
	EndGlobalSection
	GlobalSection(ExtensibilityGlobals) = postSolution
		SolutionGuid = {CBEE7FE6-C4C1-46CF-813E-66F070817653}
	EndGlobalSection
EndGlobal
