
Microsoft Visual Studio Solution File, Format Version 12.00
# Visual Studio 15
VisualStudioVersion = 15.0.28307.1145
MinimumVisualStudioVersion = 10.0.40219.1
Project("{8BC9CEB8-8B4A-11D0-8D11-00A0C91BC942}") = "rotate", "rotate\rotate.vcxproj", "{1E74FA42-3E35-4BA7-9D5A-4DDBA7035934}"
EndProject
Global
	GlobalSection(SolutionConfigurationPlatforms) = preSolution
		Debug|x64 = Debug|x64
		Debug|x86 = Debug|x86
		Release|x64 = Release|x64
		Release|x86 = Release|x86
	EndGlobalSection
	GlobalSection(ProjectConfigurationPlatforms) = postSolution
		{1E74FA42-3E35-4BA7-9D5A-4DDBA7035934}.Debug|x64.ActiveCfg = Debug|x64
		{1E74FA42-3E35-4BA7-9D5A-4DDBA7035934}.Debug|x64.Build.0 = Debug|x64
		{1E74FA42-3E35-4BA7-9D5A-4DDBA7035934}.Debug|x86.ActiveCfg = Debug|Win32
		{1E74FA42-3E35-4BA7-9D5A-4DDBA7035934}.Debug|x86.Build.0 = Debug|Win32
		{1E74FA42-3E35-4BA7-9D5A-4DDBA7035934}.Release|x64.ActiveCfg = Release|x64
		{1E74FA42-3E35-4BA7-9D5A-4DDBA7035934}.Release|x64.Build.0 = Release|x64
		{1E74FA42-3E35-4BA7-9D5A-4DDBA7035934}.Release|x86.ActiveCfg = Release|Win32
		{1E74FA42-3E35-4BA7-9D5A-4DDBA7035934}.Release|x86.Build.0 = Release|Win32
	EndGlobalSection
	GlobalSection(SolutionProperties) = preSolution
		HideSolutionNode = FALSE
	EndGlobalSection
	GlobalSection(ExtensibilityGlobals) = postSolution
		SolutionGuid = {3C0FC2D7-4B83-4CDD-9DD0-9312C6728068}
	EndGlobalSection
EndGlobal
