
Microsoft Visual Studio Solution File, Format Version 12.00
# Visual Studio 15
VisualStudioVersion = 15.0.28307.1145
MinimumVisualStudioVersion = 10.0.40219.1
Project("{8BC9CEB8-8B4A-11D0-8D11-00A0C91BC942}") = "findMinArrowShots", "findMinArrowShots\findMinArrowShots.vcxproj", "{71F29084-32C2-4E7E-9C71-7D661EB00BBE}"
EndProject
Global
	GlobalSection(SolutionConfigurationPlatforms) = preSolution
		Debug|x64 = Debug|x64
		Debug|x86 = Debug|x86
		Release|x64 = Release|x64
		Release|x86 = Release|x86
	EndGlobalSection
	GlobalSection(ProjectConfigurationPlatforms) = postSolution
		{71F29084-32C2-4E7E-9C71-7D661EB00BBE}.Debug|x64.ActiveCfg = Debug|x64
		{71F29084-32C2-4E7E-9C71-7D661EB00BBE}.Debug|x64.Build.0 = Debug|x64
		{71F29084-32C2-4E7E-9C71-7D661EB00BBE}.Debug|x86.ActiveCfg = Debug|Win32
		{71F29084-32C2-4E7E-9C71-7D661EB00BBE}.Debug|x86.Build.0 = Debug|Win32
		{71F29084-32C2-4E7E-9C71-7D661EB00BBE}.Release|x64.ActiveCfg = Release|x64
		{71F29084-32C2-4E7E-9C71-7D661EB00BBE}.Release|x64.Build.0 = Release|x64
		{71F29084-32C2-4E7E-9C71-7D661EB00BBE}.Release|x86.ActiveCfg = Release|Win32
		{71F29084-32C2-4E7E-9C71-7D661EB00BBE}.Release|x86.Build.0 = Release|Win32
	EndGlobalSection
	GlobalSection(SolutionProperties) = preSolution
		HideSolutionNode = FALSE
	EndGlobalSection
	GlobalSection(ExtensibilityGlobals) = postSolution
		SolutionGuid = {BFDAA326-BA04-4B99-ACCE-F0DAC33CE136}
	EndGlobalSection
EndGlobal
