
Microsoft Visual Studio Solution File, Format Version 12.00
# Visual Studio 15
VisualStudioVersion = 15.0.28307.1145
MinimumVisualStudioVersion = 10.0.40219.1
Project("{8BC9CEB8-8B4A-11D0-8D11-00A0C91BC942}") = "minPathSum", "minPathSum\minPathSum.vcxproj", "{451B4B85-EFC3-4D04-913A-0D16D9CF3EE6}"
EndProject
Global
	GlobalSection(SolutionConfigurationPlatforms) = preSolution
		Debug|x64 = Debug|x64
		Debug|x86 = Debug|x86
		Release|x64 = Release|x64
		Release|x86 = Release|x86
	EndGlobalSection
	GlobalSection(ProjectConfigurationPlatforms) = postSolution
		{451B4B85-EFC3-4D04-913A-0D16D9CF3EE6}.Debug|x64.ActiveCfg = Debug|x64
		{451B4B85-EFC3-4D04-913A-0D16D9CF3EE6}.Debug|x64.Build.0 = Debug|x64
		{451B4B85-EFC3-4D04-913A-0D16D9CF3EE6}.Debug|x86.ActiveCfg = Debug|Win32
		{451B4B85-EFC3-4D04-913A-0D16D9CF3EE6}.Debug|x86.Build.0 = Debug|Win32
		{451B4B85-EFC3-4D04-913A-0D16D9CF3EE6}.Release|x64.ActiveCfg = Release|x64
		{451B4B85-EFC3-4D04-913A-0D16D9CF3EE6}.Release|x64.Build.0 = Release|x64
		{451B4B85-EFC3-4D04-913A-0D16D9CF3EE6}.Release|x86.ActiveCfg = Release|Win32
		{451B4B85-EFC3-4D04-913A-0D16D9CF3EE6}.Release|x86.Build.0 = Release|Win32
	EndGlobalSection
	GlobalSection(SolutionProperties) = preSolution
		HideSolutionNode = FALSE
	EndGlobalSection
	GlobalSection(ExtensibilityGlobals) = postSolution
		SolutionGuid = {27DE0498-3573-4124-9C6F-D60591F0D052}
	EndGlobalSection
EndGlobal
