
Microsoft Visual Studio Solution File, Format Version 12.00
# Visual Studio 15
VisualStudioVersion = 15.0.28307.1145
MinimumVisualStudioVersion = 10.0.40219.1
Project("{8BC9CEB8-8B4A-11D0-8D11-00A0C91BC942}") = "insertBits", "insertBits\insertBits.vcxproj", "{BD8279B2-6B62-406D-A6B5-2E74A7642DEB}"
EndProject
Global
	GlobalSection(SolutionConfigurationPlatforms) = preSolution
		Debug|x64 = Debug|x64
		Debug|x86 = Debug|x86
		Release|x64 = Release|x64
		Release|x86 = Release|x86
	EndGlobalSection
	GlobalSection(ProjectConfigurationPlatforms) = postSolution
		{BD8279B2-6B62-406D-A6B5-2E74A7642DEB}.Debug|x64.ActiveCfg = Debug|x64
		{BD8279B2-6B62-406D-A6B5-2E74A7642DEB}.Debug|x64.Build.0 = Debug|x64
		{BD8279B2-6B62-406D-A6B5-2E74A7642DEB}.Debug|x86.ActiveCfg = Debug|Win32
		{BD8279B2-6B62-406D-A6B5-2E74A7642DEB}.Debug|x86.Build.0 = Debug|Win32
		{BD8279B2-6B62-406D-A6B5-2E74A7642DEB}.Release|x64.ActiveCfg = Release|x64
		{BD8279B2-6B62-406D-A6B5-2E74A7642DEB}.Release|x64.Build.0 = Release|x64
		{BD8279B2-6B62-406D-A6B5-2E74A7642DEB}.Release|x86.ActiveCfg = Release|Win32
		{BD8279B2-6B62-406D-A6B5-2E74A7642DEB}.Release|x86.Build.0 = Release|Win32
	EndGlobalSection
	GlobalSection(SolutionProperties) = preSolution
		HideSolutionNode = FALSE
	EndGlobalSection
	GlobalSection(ExtensibilityGlobals) = postSolution
		SolutionGuid = {D25F9C2F-FCEB-40A8-BFE5-8639B8E2F6F7}
	EndGlobalSection
EndGlobal
