
Microsoft Visual Studio Solution File, Format Version 12.00
# Visual Studio 15
VisualStudioVersion = 15.0.28307.1145
MinimumVisualStudioVersion = 10.0.40219.1
Project("{8BC9CEB8-8B4A-11D0-8D11-00A0C91BC942}") = "tmeplate", "tmeplate\tmeplate.vcxproj", "{89C2D50C-7122-4DE5-8306-17B47F2D948E}"
EndProject
Global
	GlobalSection(SolutionConfigurationPlatforms) = preSolution
		Debug|x64 = Debug|x64
		Debug|x86 = Debug|x86
		Release|x64 = Release|x64
		Release|x86 = Release|x86
	EndGlobalSection
	GlobalSection(ProjectConfigurationPlatforms) = postSolution
		{89C2D50C-7122-4DE5-8306-17B47F2D948E}.Debug|x64.ActiveCfg = Debug|x64
		{89C2D50C-7122-4DE5-8306-17B47F2D948E}.Debug|x64.Build.0 = Debug|x64
		{89C2D50C-7122-4DE5-8306-17B47F2D948E}.Debug|x86.ActiveCfg = Debug|Win32
		{89C2D50C-7122-4DE5-8306-17B47F2D948E}.Debug|x86.Build.0 = Debug|Win32
		{89C2D50C-7122-4DE5-8306-17B47F2D948E}.Release|x64.ActiveCfg = Release|x64
		{89C2D50C-7122-4DE5-8306-17B47F2D948E}.Release|x64.Build.0 = Release|x64
		{89C2D50C-7122-4DE5-8306-17B47F2D948E}.Release|x86.ActiveCfg = Release|Win32
		{89C2D50C-7122-4DE5-8306-17B47F2D948E}.Release|x86.Build.0 = Release|Win32
	EndGlobalSection
	GlobalSection(SolutionProperties) = preSolution
		HideSolutionNode = FALSE
	EndGlobalSection
	GlobalSection(ExtensibilityGlobals) = postSolution
		SolutionGuid = {ED56C837-7A36-40F5-A4EB-2B35BF2C597A}
	EndGlobalSection
EndGlobal
