
Microsoft Visual Studio Solution File, Format Version 12.00
# Visual Studio 15
VisualStudioVersion = 15.0.28307.1145
MinimumVisualStudioVersion = 10.0.40219.1
Project("{8BC9CEB8-8B4A-11D0-8D11-00A0C91BC942}") = "minimumTotal", "minimumTotal\minimumTotal.vcxproj", "{98F5FD3A-4E3F-49F7-80DF-CA3D0DAE8648}"
EndProject
Global
	GlobalSection(SolutionConfigurationPlatforms) = preSolution
		Debug|x64 = Debug|x64
		Debug|x86 = Debug|x86
		Release|x64 = Release|x64
		Release|x86 = Release|x86
	EndGlobalSection
	GlobalSection(ProjectConfigurationPlatforms) = postSolution
		{98F5FD3A-4E3F-49F7-80DF-CA3D0DAE8648}.Debug|x64.ActiveCfg = Debug|x64
		{98F5FD3A-4E3F-49F7-80DF-CA3D0DAE8648}.Debug|x64.Build.0 = Debug|x64
		{98F5FD3A-4E3F-49F7-80DF-CA3D0DAE8648}.Debug|x86.ActiveCfg = Debug|Win32
		{98F5FD3A-4E3F-49F7-80DF-CA3D0DAE8648}.Debug|x86.Build.0 = Debug|Win32
		{98F5FD3A-4E3F-49F7-80DF-CA3D0DAE8648}.Release|x64.ActiveCfg = Release|x64
		{98F5FD3A-4E3F-49F7-80DF-CA3D0DAE8648}.Release|x64.Build.0 = Release|x64
		{98F5FD3A-4E3F-49F7-80DF-CA3D0DAE8648}.Release|x86.ActiveCfg = Release|Win32
		{98F5FD3A-4E3F-49F7-80DF-CA3D0DAE8648}.Release|x86.Build.0 = Release|Win32
	EndGlobalSection
	GlobalSection(SolutionProperties) = preSolution
		HideSolutionNode = FALSE
	EndGlobalSection
	GlobalSection(ExtensibilityGlobals) = postSolution
		SolutionGuid = {F1C8C3E4-D7AF-46E2-B59E-D0859013B4EC}
	EndGlobalSection
EndGlobal
